
Microsoft Visual Studio Solution File, Format Version 12.00
# Visual Studio Version 16
VisualStudioVersion = 16.0.29905.134
MinimumVisualStudioVersion = 10.0.40219.1
Project("{2150E333-8FDC-42A3-9474-1A3956D46DE8}") = "LocationEventService", "LocationEventService", "{423AA046-E017-4C9F-8275-F012248A156E}"
EndProject
Project("{2150E333-8FDC-42A3-9474-1A3956D46DE8}") = "Api", "Api", "{842747B8-3B8E-4154-92EF-06377981598A}"
EndProject
Project("{2150E333-8FDC-42A3-9474-1A3956D46DE8}") = "Domain", "Domain", "{1AB3D427-955F-4C9F-A824-24BBC6A761D4}"
EndProject
Project("{2150E333-8FDC-42A3-9474-1A3956D46DE8}") = "LocationQueryService", "LocationQueryService", "{ECC5F889-C061-471F-8D84-982402766046}"
EndProject
Project("{2150E333-8FDC-42A3-9474-1A3956D46DE8}") = "Api", "Api", "{927FAC37-21FF-4413-AAAF-B6E7B9E0503F}"
EndProject
Project("{2150E333-8FDC-42A3-9474-1A3956D46DE8}") = "MasterDataService", "MasterDataService", "{8018D9CA-D332-4D96-A4FA-BAB7E09B41EB}"
EndProject
Project("{2150E333-8FDC-42A3-9474-1A3956D46DE8}") = "Api", "Api", "{5D55BD73-81CC-41C0-82C6-B83998D9F41E}"
EndProject
Project("{2150E333-8FDC-42A3-9474-1A3956D46DE8}") = "Core", "Core", "{E2C51658-C670-4FFF-B089-22B6355D7DEB}"
EndProject
Project("{2150E333-8FDC-42A3-9474-1A3956D46DE8}") = "Gateway", "Gateway", "{D0A31C71-75A3-495C-A7A1-488F95938874}"
EndProject
Project("{9A19103F-16F7-4668-BE54-9A1E7A4F7556}") = "Shared", "Core\Shared\Shared.csproj", "{A3B6701C-C99E-45DE-AF15-E8CC9160B2E5}"
EndProject
Project("{2150E333-8FDC-42A3-9474-1A3956D46DE8}") = "Microservices", "Microservices", "{DD6F4F0C-0FF3-43B9-A245-6BC67AFD9585}"
EndProject
Project("{9A19103F-16F7-4668-BE54-9A1E7A4F7556}") = "LocationEventService.Api", "Microservices\LocationEventService\LocationEventService.Api\LocationEventService.Api.csproj", "{59AAEE37-DE51-44A2-9885-084884357FB4}"
EndProject
Project("{9A19103F-16F7-4668-BE54-9A1E7A4F7556}") = "LocationEventService.Domain", "Microservices\LocationEventService\LocationEventService.Domain\LocationEventService.Domain.csproj", "{53F2625E-140B-468A-A8E2-E8200AF09C21}"
EndProject
Project("{9A19103F-16F7-4668-BE54-9A1E7A4F7556}") = "LocationQueryService.Api", "Microservices\LocationQueryService\LocationQueryService.Api\LocationQueryService.Api.csproj", "{A982F78D-E837-4FDD-BFE5-98FED04FE4C1}"
EndProject
Project("{9A19103F-16F7-4668-BE54-9A1E7A4F7556}") = "MasterDataService.Api", "Microservices\MasterDataService\MasterDataService.Api\MasterDataService.Api.csproj", "{7BA6C20C-5E70-4DF7-B51D-71D23E45D191}"
EndProject
Project("{FAE04EC0-301F-11D3-BF4B-00C04F79EFBC}") = "Gateway.WebBff", "Gateway\Gateway.WebBff\Gateway.WebBff.csproj", "{46DC550D-27D7-4811-8194-EF001523BA84}"
EndProject
Project("{9A19103F-16F7-4668-BE54-9A1E7A4F7556}") = "RabbitMQ.IoC", "Core\RabbitMQ.IoC\RabbitMQ.IoC.csproj", "{57794226-BD10-4F3B-A54F-752C4A630B2F}"
EndProject
Project("{9A19103F-16F7-4668-BE54-9A1E7A4F7556}") = "RabbitMQ.Bus", "Core\RabbitMQ.Bus\RabbitMQ.Bus.csproj", "{9846E179-F288-410B-8D82-73E89AEE87BE}"
EndProject
Project("{2150E333-8FDC-42A3-9474-1A3956D46DE8}") = "Data", "Data", "{D0504A32-FB32-4EDC-972E-9A5436AD5B39}"
EndProject
Project("{FAE04EC0-301F-11D3-BF4B-00C04F79EFBC}") = "LocationEventService.Data", "Microservices\LocationEventService\LocationEventService.Data\LocationEventService.Data.csproj", "{FBAC436E-0356-4922-AA1C-EBFF87094ABE}"
EndProject
Project("{2150E333-8FDC-42A3-9474-1A3956D46DE8}") = "Data", "Data", "{FF77D0FE-F437-4C78-82FB-2DD767B82248}"
EndProject
Project("{FAE04EC0-301F-11D3-BF4B-00C04F79EFBC}") = "LocationQueryService.Data", "Microservices\LocationQueryService\LocationQueryService.Data\LocationQueryService.Data.csproj", "{8223466B-AE56-4403-B4BB-28D59AD9D13F}"
EndProject
Project("{2150E333-8FDC-42A3-9474-1A3956D46DE8}") = "Domain", "Domain", "{8A15D93D-8FA1-4943-A622-3AF3DD448F39}"
EndProject
Project("{FAE04EC0-301F-11D3-BF4B-00C04F79EFBC}") = "LocationQueryService.Domain", "Microservices\LocationQueryService\LocationQueryService.Domain\LocationQueryService.Domain.csproj", "{D0E44663-FF6F-4C34-BEEC-582EA7D07CB7}"
EndProject
Project("{2150E333-8FDC-42A3-9474-1A3956D46DE8}") = "Domain", "Domain", "{5B871B1B-A621-4FE1-BC43-EA90DA0F7A6C}"
EndProject
Project("{2150E333-8FDC-42A3-9474-1A3956D46DE8}") = "Data", "Data", "{A06149FD-F6DE-46E8-97A5-F7D0C74261DA}"
EndProject
Project("{FAE04EC0-301F-11D3-BF4B-00C04F79EFBC}") = "MasterDataService.Data", "Microservices\MasterDataService\MasterDataService.Data\MasterDataService.Data.csproj", "{87B204FB-5811-4611-B307-A428923E52E5}"
EndProject
Project("{FAE04EC0-301F-11D3-BF4B-00C04F79EFBC}") = "MasterDataService.Domain", "Microservices\MasterDataService\MasterDataService.Domain\MasterDataService.Domain.csproj", "{AE103B7C-B4FE-4D23-9C19-EE9D42AB7C0A}"
EndProject
Project("{2150E333-8FDC-42A3-9474-1A3956D46DE8}") = "Application", "Application", "{7CC8210C-E959-4D5A-99FC-4F197A2BB3DA}"
EndProject
Project("{FAE04EC0-301F-11D3-BF4B-00C04F79EFBC}") = "MasterDataService.Application", "Microservices\MasterDataService\MasterDataService.Application\MasterDataService.Application.csproj", "{7AAC31CE-9665-44B0-B4A7-9FB074BA9DBE}"
EndProject
Project("{2150E333-8FDC-42A3-9474-1A3956D46DE8}") = "Application", "Application", "{47F93696-52D9-4112-9EA8-398912F4042A}"
EndProject
Project("{FAE04EC0-301F-11D3-BF4B-00C04F79EFBC}") = "LocationQueryService.Application", "Microservices\LocationQueryService\LocationQueryService.Application\LocationQueryService.Application.csproj", "{D09435DB-DB9F-426D-87A8-D9570E1F4494}"
EndProject
Project("{2150E333-8FDC-42A3-9474-1A3956D46DE8}") = "Application", "Application", "{F96968B2-543B-473B-B33D-B4CEF7128FDA}"
EndProject
Project("{FAE04EC0-301F-11D3-BF4B-00C04F79EFBC}") = "LocationEventService.Application", "Microservices\LocationEventService\LocationEventService.Application\LocationEventService.Application.csproj", "{46FA96E1-F74C-4B58-802E-B80E00102891}"
EndProject
Global
	GlobalSection(SolutionConfigurationPlatforms) = preSolution
		Debug|Any CPU = Debug|Any CPU
		Release|Any CPU = Release|Any CPU
	EndGlobalSection
	GlobalSection(ProjectConfigurationPlatforms) = postSolution
		{A3B6701C-C99E-45DE-AF15-E8CC9160B2E5}.Debug|Any CPU.ActiveCfg = Debug|Any CPU
		{A3B6701C-C99E-45DE-AF15-E8CC9160B2E5}.Debug|Any CPU.Build.0 = Debug|Any CPU
		{A3B6701C-C99E-45DE-AF15-E8CC9160B2E5}.Release|Any CPU.ActiveCfg = Release|Any CPU
		{A3B6701C-C99E-45DE-AF15-E8CC9160B2E5}.Release|Any CPU.Build.0 = Release|Any CPU
		{59AAEE37-DE51-44A2-9885-084884357FB4}.Debug|Any CPU.ActiveCfg = Debug|Any CPU
		{59AAEE37-DE51-44A2-9885-084884357FB4}.Debug|Any CPU.Build.0 = Debug|Any CPU
		{59AAEE37-DE51-44A2-9885-084884357FB4}.Release|Any CPU.ActiveCfg = Release|Any CPU
		{59AAEE37-DE51-44A2-9885-084884357FB4}.Release|Any CPU.Build.0 = Release|Any CPU
		{53F2625E-140B-468A-A8E2-E8200AF09C21}.Debug|Any CPU.ActiveCfg = Debug|Any CPU
		{53F2625E-140B-468A-A8E2-E8200AF09C21}.Debug|Any CPU.Build.0 = Debug|Any CPU
		{53F2625E-140B-468A-A8E2-E8200AF09C21}.Release|Any CPU.ActiveCfg = Release|Any CPU
		{53F2625E-140B-468A-A8E2-E8200AF09C21}.Release|Any CPU.Build.0 = Release|Any CPU
		{A982F78D-E837-4FDD-BFE5-98FED04FE4C1}.Debug|Any CPU.ActiveCfg = Debug|Any CPU
		{A982F78D-E837-4FDD-BFE5-98FED04FE4C1}.Debug|Any CPU.Build.0 = Debug|Any CPU
		{A982F78D-E837-4FDD-BFE5-98FED04FE4C1}.Release|Any CPU.ActiveCfg = Release|Any CPU
		{A982F78D-E837-4FDD-BFE5-98FED04FE4C1}.Release|Any CPU.Build.0 = Release|Any CPU
		{7BA6C20C-5E70-4DF7-B51D-71D23E45D191}.Debug|Any CPU.ActiveCfg = Debug|Any CPU
		{7BA6C20C-5E70-4DF7-B51D-71D23E45D191}.Debug|Any CPU.Build.0 = Debug|Any CPU
		{7BA6C20C-5E70-4DF7-B51D-71D23E45D191}.Release|Any CPU.ActiveCfg = Release|Any CPU
		{7BA6C20C-5E70-4DF7-B51D-71D23E45D191}.Release|Any CPU.Build.0 = Release|Any CPU
		{46DC550D-27D7-4811-8194-EF001523BA84}.Debug|Any CPU.ActiveCfg = Debug|Any CPU
		{46DC550D-27D7-4811-8194-EF001523BA84}.Debug|Any CPU.Build.0 = Debug|Any CPU
		{46DC550D-27D7-4811-8194-EF001523BA84}.Release|Any CPU.ActiveCfg = Release|Any CPU
		{46DC550D-27D7-4811-8194-EF001523BA84}.Release|Any CPU.Build.0 = Release|Any CPU
		{57794226-BD10-4F3B-A54F-752C4A630B2F}.Debug|Any CPU.ActiveCfg = Debug|Any CPU
		{57794226-BD10-4F3B-A54F-752C4A630B2F}.Debug|Any CPU.Build.0 = Debug|Any CPU
		{57794226-BD10-4F3B-A54F-752C4A630B2F}.Release|Any CPU.ActiveCfg = Release|Any CPU
		{57794226-BD10-4F3B-A54F-752C4A630B2F}.Release|Any CPU.Build.0 = Release|Any CPU
		{9846E179-F288-410B-8D82-73E89AEE87BE}.Debug|Any CPU.ActiveCfg = Debug|Any CPU
		{9846E179-F288-410B-8D82-73E89AEE87BE}.Debug|Any CPU.Build.0 = Debug|Any CPU
		{9846E179-F288-410B-8D82-73E89AEE87BE}.Release|Any CPU.ActiveCfg = Release|Any CPU
		{9846E179-F288-410B-8D82-73E89AEE87BE}.Release|Any CPU.Build.0 = Release|Any CPU
		{FBAC436E-0356-4922-AA1C-EBFF87094ABE}.Debug|Any CPU.ActiveCfg = Debug|Any CPU
		{FBAC436E-0356-4922-AA1C-EBFF87094ABE}.Debug|Any CPU.Build.0 = Debug|Any CPU
		{FBAC436E-0356-4922-AA1C-EBFF87094ABE}.Release|Any CPU.ActiveCfg = Release|Any CPU
		{FBAC436E-0356-4922-AA1C-EBFF87094ABE}.Release|Any CPU.Build.0 = Release|Any CPU
		{8223466B-AE56-4403-B4BB-28D59AD9D13F}.Debug|Any CPU.ActiveCfg = Debug|Any CPU
		{8223466B-AE56-4403-B4BB-28D59AD9D13F}.Debug|Any CPU.Build.0 = Debug|Any CPU
		{8223466B-AE56-4403-B4BB-28D59AD9D13F}.Release|Any CPU.ActiveCfg = Release|Any CPU
		{8223466B-AE56-4403-B4BB-28D59AD9D13F}.Release|Any CPU.Build.0 = Release|Any CPU
		{D0E44663-FF6F-4C34-BEEC-582EA7D07CB7}.Debug|Any CPU.ActiveCfg = Debug|Any CPU
		{D0E44663-FF6F-4C34-BEEC-582EA7D07CB7}.Debug|Any CPU.Build.0 = Debug|Any CPU
		{D0E44663-FF6F-4C34-BEEC-582EA7D07CB7}.Release|Any CPU.ActiveCfg = Release|Any CPU
		{D0E44663-FF6F-4C34-BEEC-582EA7D07CB7}.Release|Any CPU.Build.0 = Release|Any CPU
		{87B204FB-5811-4611-B307-A428923E52E5}.Debug|Any CPU.ActiveCfg = Debug|Any CPU
		{87B204FB-5811-4611-B307-A428923E52E5}.Debug|Any CPU.Build.0 = Debug|Any CPU
		{87B204FB-5811-4611-B307-A428923E52E5}.Release|Any CPU.ActiveCfg = Release|Any CPU
		{87B204FB-5811-4611-B307-A428923E52E5}.Release|Any CPU.Build.0 = Release|Any CPU
		{AE103B7C-B4FE-4D23-9C19-EE9D42AB7C0A}.Debug|Any CPU.ActiveCfg = Debug|Any CPU
		{AE103B7C-B4FE-4D23-9C19-EE9D42AB7C0A}.Debug|Any CPU.Build.0 = Debug|Any CPU
		{AE103B7C-B4FE-4D23-9C19-EE9D42AB7C0A}.Release|Any CPU.ActiveCfg = Release|Any CPU
		{AE103B7C-B4FE-4D23-9C19-EE9D42AB7C0A}.Release|Any CPU.Build.0 = Release|Any CPU
		{7AAC31CE-9665-44B0-B4A7-9FB074BA9DBE}.Debug|Any CPU.ActiveCfg = Debug|Any CPU
		{7AAC31CE-9665-44B0-B4A7-9FB074BA9DBE}.Debug|Any CPU.Build.0 = Debug|Any CPU
		{7AAC31CE-9665-44B0-B4A7-9FB074BA9DBE}.Release|Any CPU.ActiveCfg = Release|Any CPU
		{7AAC31CE-9665-44B0-B4A7-9FB074BA9DBE}.Release|Any CPU.Build.0 = Release|Any CPU
		{D09435DB-DB9F-426D-87A8-D9570E1F4494}.Debug|Any CPU.ActiveCfg = Debug|Any CPU
		{D09435DB-DB9F-426D-87A8-D9570E1F4494}.Debug|Any CPU.Build.0 = Debug|Any CPU
		{D09435DB-DB9F-426D-87A8-D9570E1F4494}.Release|Any CPU.ActiveCfg = Release|Any CPU
		{D09435DB-DB9F-426D-87A8-D9570E1F4494}.Release|Any CPU.Build.0 = Release|Any CPU
		{46FA96E1-F74C-4B58-802E-B80E00102891}.Debug|Any CPU.ActiveCfg = Debug|Any CPU
		{46FA96E1-F74C-4B58-802E-B80E00102891}.Debug|Any CPU.Build.0 = Debug|Any CPU
		{46FA96E1-F74C-4B58-802E-B80E00102891}.Release|Any CPU.ActiveCfg = Release|Any CPU
		{46FA96E1-F74C-4B58-802E-B80E00102891}.Release|Any CPU.Build.0 = Release|Any CPU
	EndGlobalSection
	GlobalSection(SolutionProperties) = preSolution
		HideSolutionNode = FALSE
	EndGlobalSection
	GlobalSection(NestedProjects) = preSolution
		{423AA046-E017-4C9F-8275-F012248A156E} = {DD6F4F0C-0FF3-43B9-A245-6BC67AFD9585}
		{842747B8-3B8E-4154-92EF-06377981598A} = {423AA046-E017-4C9F-8275-F012248A156E}
		{1AB3D427-955F-4C9F-A824-24BBC6A761D4} = {423AA046-E017-4C9F-8275-F012248A156E}
		{ECC5F889-C061-471F-8D84-982402766046} = {DD6F4F0C-0FF3-43B9-A245-6BC67AFD9585}
		{927FAC37-21FF-4413-AAAF-B6E7B9E0503F} = {ECC5F889-C061-471F-8D84-982402766046}
		{8018D9CA-D332-4D96-A4FA-BAB7E09B41EB} = {DD6F4F0C-0FF3-43B9-A245-6BC67AFD9585}
		{5D55BD73-81CC-41C0-82C6-B83998D9F41E} = {8018D9CA-D332-4D96-A4FA-BAB7E09B41EB}
		{A3B6701C-C99E-45DE-AF15-E8CC9160B2E5} = {E2C51658-C670-4FFF-B089-22B6355D7DEB}
		{59AAEE37-DE51-44A2-9885-084884357FB4} = {842747B8-3B8E-4154-92EF-06377981598A}
		{53F2625E-140B-468A-A8E2-E8200AF09C21} = {1AB3D427-955F-4C9F-A824-24BBC6A761D4}
		{A982F78D-E837-4FDD-BFE5-98FED04FE4C1} = {927FAC37-21FF-4413-AAAF-B6E7B9E0503F}
		{7BA6C20C-5E70-4DF7-B51D-71D23E45D191} = {5D55BD73-81CC-41C0-82C6-B83998D9F41E}
		{46DC550D-27D7-4811-8194-EF001523BA84} = {D0A31C71-75A3-495C-A7A1-488F95938874}
		{57794226-BD10-4F3B-A54F-752C4A630B2F} = {E2C51658-C670-4FFF-B089-22B6355D7DEB}
		{9846E179-F288-410B-8D82-73E89AEE87BE} = {E2C51658-C670-4FFF-B089-22B6355D7DEB}
		{D0504A32-FB32-4EDC-972E-9A5436AD5B39} = {423AA046-E017-4C9F-8275-F012248A156E}
		{FBAC436E-0356-4922-AA1C-EBFF87094ABE} = {D0504A32-FB32-4EDC-972E-9A5436AD5B39}
		{FF77D0FE-F437-4C78-82FB-2DD767B82248} = {ECC5F889-C061-471F-8D84-982402766046}
		{8223466B-AE56-4403-B4BB-28D59AD9D13F} = {FF77D0FE-F437-4C78-82FB-2DD767B82248}
		{8A15D93D-8FA1-4943-A622-3AF3DD448F39} = {ECC5F889-C061-471F-8D84-982402766046}
		{D0E44663-FF6F-4C34-BEEC-582EA7D07CB7} = {8A15D93D-8FA1-4943-A622-3AF3DD448F39}
		{5B871B1B-A621-4FE1-BC43-EA90DA0F7A6C} = {8018D9CA-D332-4D96-A4FA-BAB7E09B41EB}
		{A06149FD-F6DE-46E8-97A5-F7D0C74261DA} = {8018D9CA-D332-4D96-A4FA-BAB7E09B41EB}
		{87B204FB-5811-4611-B307-A428923E52E5} = {A06149FD-F6DE-46E8-97A5-F7D0C74261DA}
		{AE103B7C-B4FE-4D23-9C19-EE9D42AB7C0A} = {5B871B1B-A621-4FE1-BC43-EA90DA0F7A6C}
		{7CC8210C-E959-4D5A-99FC-4F197A2BB3DA} = {8018D9CA-D332-4D96-A4FA-BAB7E09B41EB}
		{7AAC31CE-9665-44B0-B4A7-9FB074BA9DBE} = {7CC8210C-E959-4D5A-99FC-4F197A2BB3DA}
		{47F93696-52D9-4112-9EA8-398912F4042A} = {ECC5F889-C061-471F-8D84-982402766046}
		{D09435DB-DB9F-426D-87A8-D9570E1F4494} = {47F93696-52D9-4112-9EA8-398912F4042A}
		{F96968B2-543B-473B-B33D-B4CEF7128FDA} = {423AA046-E017-4C9F-8275-F012248A156E}
		{46FA96E1-F74C-4B58-802E-B80E00102891} = {F96968B2-543B-473B-B33D-B4CEF7128FDA}
	EndGlobalSection
	GlobalSection(ExtensibilityGlobals) = postSolution
		SolutionGuid = {35C7118E-0D8D-445E-B031-9A1B4A3BDE6E}
	EndGlobalSection
EndGlobal
